{
  "name": "wg-mgr-client",
  "version": "1.0.1",
  "lockfileVersion": 3,
  "requires": true,
  "packages": {
    "": {
      "name": "wg-mgr-client",
      "version": "1.0.1",
      "license": "GPL-2.0",
      "dependencies": {
        "esc-file-replace-contents": "^0.1.4",
        "esc-file-replace-substring-between-comments": "^0.1.4",
        "esc-pad-table-array": "^0.2.13"
      }
    },
    "node_modules/esc-colors": {
      "version": "0.1.5",
      "resolved": "https://registry.npmjs.org/esc-colors/-/esc-colors-0.1.5.tgz",
      "integrity": "sha512-Ue0/WIPlXXbEg9EBYmMxMhPh15nhRLz7VrU9pUuIvYdLrEh4CGnEOMT68UA+og5mdmfqf6o5bpPYtUxbCgm/Sg==",
      "license": "MIT"
    },
    "node_modules/esc-file-replace-contents": {
      "version": "0.1.4",
      "resolved": "https://registry.npmjs.org/esc-file-replace-contents/-/esc-file-replace-contents-0.1.4.tgz",
      "integrity": "sha512-mxC4rWsi5rgmNBiX1aTjK5UhyYQ0fmLNbg64rIDfPoiUWitf7GGL7ogCLXJni1PVk+7CjTAAVNx5d7ggT1DZXA==",
      "license": "MIT",
      "dependencies": {
        "esc-colors": "^0.1.2"
      }
    },
    "node_modules/esc-file-replace-substring": {
      "version": "0.2.4",
      "resolved": "https://registry.npmjs.org/esc-file-replace-substring/-/esc-file-replace-substring-0.2.4.tgz",
      "integrity": "sha512-H3ZB22qkmPxKTHOa0Vl/vl5xbxdtk1h33i70BasKwTLe/nBhXAbMsy/K4QAkN2Y8rl5WXtsRVcUneLCHH7PeGw==",
      "license": "MIT",
      "dependencies": {
        "esc-colors": "^0.1.5"
      }
    },
    "node_modules/esc-file-replace-substring-between-comments": {
      "version": "0.1.5",
      "resolved": "https://registry.npmjs.org/esc-file-replace-substring-between-comments/-/esc-file-replace-substring-between-comments-0.1.5.tgz",
      "integrity": "sha512-KtfApHmZe4V+hYs1SMhva3KrTwnNncRrgruap9tV0VV5NrzXR7NwtiZ3hICV/pT3h89ywHr9OkdXKA/MOzoJww==",
      "license": "MIT",
      "dependencies": {
        "esc-file-replace-substring": "^0.2.4"
      }
    },
    "node_modules/esc-pad-table-array": {
      "version": "0.2.13",
      "resolved": "https://registry.npmjs.org/esc-pad-table-array/-/esc-pad-table-array-0.2.13.tgz",
      "integrity": "sha512-cn+R6PdPTl6pzg3nzUZVJ+1al+4XynLvhjpCeaWZSboWuzeA0d+EXItSqo4RhgBkq7hpgeW8lE6i8W3GBZMBHQ==",
      "license": "MIT"
    }
  }
}
